// !$*UTF8*$!
{
	archiveVersion = 1;
	classes = {
	};
	objectVersion = 46;
	objects = {

/* Begin PBXBuildFile section */
		79A0EF341AD984FB005EBEF5 /* main.m in Sources */ = {isa = PBXBuildFile; fileRef = 79A0EF331AD984FB005EBEF5 /* main.m */; };
		79A0EF371AD984FB005EBEF5 /* AppDelegate.m in Sources */ = {isa = PBXBuildFile; fileRef = 79A0EF361AD984FB005EBEF5 /* AppDelegate.m */; };
		79A0EF3A1AD984FB005EBEF5 /* Beautify.xcdatamodeld in Sources */ = {isa = PBXBuildFile; fileRef = 79A0EF381AD984FB005EBEF5 /* Beautify.xcdatamodeld */; };
		79A0EF431AD984FB005EBEF5 /* Main.storyboard in Resources */ = {isa = PBXBuildFile; fileRef = 79A0EF411AD984FB005EBEF5 /* Main.storyboard */; };
		79A0EF451AD984FC005EBEF5 /* Images.xcassets in Resources */ = {isa = PBXBuildFile; fileRef = 79A0EF441AD984FC005EBEF5 /* Images.xcassets */; };
		79A0EF481AD984FC005EBEF5 /* LaunchScreen.xib in Resources */ = {isa = PBXBuildFile; fileRef = 79A0EF461AD984FC005EBEF5 /* LaunchScreen.xib */; };
		79A0EF541AD984FC005EBEF5 /* BeautifyTests.m in Sources */ = {isa = PBXBuildFile; fileRef = 79A0EF531AD984FC005EBEF5 /* BeautifyTests.m */; };
		79A0EF631AD986BE005EBEF5 /* AppHelper.m in Sources */ = {isa = PBXBuildFile; fileRef = 79A0EF621AD986BE005EBEF5 /* AppHelper.m */; };
		79A0EF681AD98738005EBEF5 /* Model.m in Sources */ = {isa = PBXBuildFile; fileRef = 79A0EF651AD98738005EBEF5 /* Model.m */; };
		79A0EF691AD98738005EBEF5 /* Model+JSONKit.m in Sources */ = {isa = PBXBuildFile; fileRef = 79A0EF671AD98738005EBEF5 /* Model+JSONKit.m */; };
		79A0EF6D1AD9892D005EBEF5 /* LoginViewController.m in Sources */ = {isa = PBXBuildFile; fileRef = 79A0EF6C1AD9892D005EBEF5 /* LoginViewController.m */; };
		79A0EF711AD98D7E005EBEF5 /* Simplify.bundle in Resources */ = {isa = PBXBuildFile; fileRef = 79A0EF6F1AD98D7E005EBEF5 /* Simplify.bundle */; };
		79A0EF721AD98D7E005EBEF5 /* Simplify.framework in Frameworks */ = {isa = PBXBuildFile; fileRef = 79A0EF701AD98D7E005EBEF5 /* Simplify.framework */; };
		79A0EF751AD98E05005EBEF5 /* PaymentViewController.m in Sources */ = {isa = PBXBuildFile; fileRef = 79A0EF741AD98E05005EBEF5 /* PaymentViewController.m */; };
		79A0EF781AD998A6005EBEF5 /* ProfessionalListViewController.m in Sources */ = {isa = PBXBuildFile; fileRef = 79A0EF771AD998A6005EBEF5 /* ProfessionalListViewController.m */; };
		79A0EF7B1AD998B2005EBEF5 /* ProfileViewController.m in Sources */ = {isa = PBXBuildFile; fileRef = 79A0EF7A1AD998B2005EBEF5 /* ProfileViewController.m */; };
		79A0EF7E1AD998C9005EBEF5 /* ScheduleViewController.m in Sources */ = {isa = PBXBuildFile; fileRef = 79A0EF7D1AD998C9005EBEF5 /* ScheduleViewController.m */; };
		79A0EF811AD998D8005EBEF5 /* FavoritesViewController.m in Sources */ = {isa = PBXBuildFile; fileRef = 79A0EF801AD998D8005EBEF5 /* FavoritesViewController.m */; };
		79A0EF841AD99AFD005EBEF5 /* BaseService.m in Sources */ = {isa = PBXBuildFile; fileRef = 79A0EF831AD99AFD005EBEF5 /* BaseService.m */; };
		79A0EF871AD99B58005EBEF5 /* ConnectionDataService.m in Sources */ = {isa = PBXBuildFile; fileRef = 79A0EF861AD99B58005EBEF5 /* ConnectionDataService.m */; };
		79A0EF8A1AD99F46005EBEF5 /* ProfessionalService.m in Sources */ = {isa = PBXBuildFile; fileRef = 79A0EF891AD99F46005EBEF5 /* ProfessionalService.m */; };
		79A0EF8D1AD9A03D005EBEF5 /* ServicesService.m in Sources */ = {isa = PBXBuildFile; fileRef = 79A0EF8C1AD9A03D005EBEF5 /* ServicesService.m */; };
		79A0EF901AD9A057005EBEF5 /* CustomerService.m in Sources */ = {isa = PBXBuildFile; fileRef = 79A0EF8F1AD9A057005EBEF5 /* CustomerService.m */; };
		79A0EF931AD9ADAE005EBEF5 /* Service.m in Sources */ = {isa = PBXBuildFile; fileRef = 79A0EF921AD9ADAE005EBEF5 /* Service.m */; };
		79A0EF991AD9ADAF005EBEF5 /* Customer.m in Sources */ = {isa = PBXBuildFile; fileRef = 79A0EF981AD9ADAF005EBEF5 /* Customer.m */; };
		79A0EFA01AD9AE78005EBEF5 /* ProfessionalCell.m in Sources */ = {isa = PBXBuildFile; fileRef = 79A0EF9F1AD9AE78005EBEF5 /* ProfessionalCell.m */; };
		79A0EFA51AD9B3EA005EBEF5 /* BaseViewController.m in Sources */ = {isa = PBXBuildFile; fileRef = 79A0EFA41AD9B3EA005EBEF5 /* BaseViewController.m */; };
		79A0EFA71AD9B8D1005EBEF5 /* ProfessionalCell.xib in Resources */ = {isa = PBXBuildFile; fileRef = 79A0EFA61AD9B8D1005EBEF5 /* ProfessionalCell.xib */; };
		79A0EFAD1AD9C38E005EBEF5 /* Professional.m in Sources */ = {isa = PBXBuildFile; fileRef = 79A0EFAC1AD9C38E005EBEF5 /* Professional.m */; };
		79A0EFB91AD9C640005EBEF5 /* JSONObjects.m in Sources */ = {isa = PBXBuildFile; fileRef = 79A0EFB81AD9C640005EBEF5 /* JSONObjects.m */; };
		79A0EFBC1AD9CC20005EBEF5 /* ProfessionalDetailViewController.m in Sources */ = {isa = PBXBuildFile; fileRef = 79A0EFBB1AD9CC20005EBEF5 /* ProfessionalDetailViewController.m */; };
		79A0EFC01AD9EEC0005EBEF5 /* ScheduleCell.m in Sources */ = {isa = PBXBuildFile; fileRef = 79A0EFBF1AD9EEC0005EBEF5 /* ScheduleCell.m */; };
		79A0EFC21AD9EED4005EBEF5 /* ScheduleCell.xib in Resources */ = {isa = PBXBuildFile; fileRef = 79A0EFC11AD9EED4005EBEF5 /* ScheduleCell.xib */; };
		79A0EFCB1AD9F2EA005EBEF5 /* Schedule.m in Sources */ = {isa = PBXBuildFile; fileRef = 79A0EFCA1AD9F2EA005EBEF5 /* Schedule.m */; };
		79A0EFCE1AD9F33F005EBEF5 /* ScheduleDetailViewController.m in Sources */ = {isa = PBXBuildFile; fileRef = 79A0EFCD1AD9F33F005EBEF5 /* ScheduleDetailViewController.m */; };
		79A0EFD21AD9F51B005EBEF5 /* BebasNeue-Book.otf in Resources */ = {isa = PBXBuildFile; fileRef = 79A0EFD01AD9F51B005EBEF5 /* BebasNeue-Book.otf */; };
		79A0EFD31AD9F51B005EBEF5 /* BebasNeue-Regular.otf in Resources */ = {isa = PBXBuildFile; fileRef = 79A0EFD11AD9F51B005EBEF5 /* BebasNeue-Regular.otf */; };
		79A0EFD71ADA0785005EBEF5 /* ServiceCell.m in Sources */ = {isa = PBXBuildFile; fileRef = 79A0EFD61ADA0785005EBEF5 /* ServiceCell.m */; };
		79A0EFD91ADA078F005EBEF5 /* ServiceCell.xib in Resources */ = {isa = PBXBuildFile; fileRef = 79A0EFD81ADA078F005EBEF5 /* ServiceCell.xib */; };
		79A0EFFA1ADA22DC005EBEF5 /* DateAcessoryView.m in Sources */ = {isa = PBXBuildFile; fileRef = 79A0EFF91ADA22DC005EBEF5 /* DateAcessoryView.m */; };
		79A0EFFC1ADA22F1005EBEF5 /* DateAcessoryView.xib in Resources */ = {isa = PBXBuildFile; fileRef = 79A0EFFB1ADA22F1005EBEF5 /* DateAcessoryView.xib */; };
		79A0EFFF1ADA2CB3005EBEF5 /* ScheduleService.m in Sources */ = {isa = PBXBuildFile; fileRef = 79A0EFFE1ADA2CB3005EBEF5 /* ScheduleService.m */; };
		79A0F0021ADA37D1005EBEF5 /* ScheduleConfirmationViewController.m in Sources */ = {isa = PBXBuildFile; fileRef = 79A0F0011ADA37D1005EBEF5 /* ScheduleConfirmationViewController.m */; };
		79F45CAB1ADA3C2900675031 /* FavoriteService.m in Sources */ = {isa = PBXBuildFile; fileRef = 79F45CAA1ADA3C2900675031 /* FavoriteService.m */; };
		A687BCCB1ADA470600B20212 /* Favorite.m in Sources */ = {isa = PBXBuildFile; fileRef = A687BCCA1ADA470600B20212 /* Favorite.m */; };
/* End PBXBuildFile section */

/* Begin PBXContainerItemProxy section */
		79A0EF4E1AD984FC005EBEF5 /* PBXContainerItemProxy */ = {
			isa = PBXContainerItemProxy;
			containerPortal = 79A0EF261AD984FB005EBEF5 /* Project object */;
			proxyType = 1;
			remoteGlobalIDString = 79A0EF2D1AD984FB005EBEF5;
			remoteInfo = Beautify;
		};
/* End PBXContainerItemProxy section */

/* Begin PBXFileReference section */
		79A0EF2E1AD984FB005EBEF5 /* Beautify.app */ = {isa = PBXFileReference; explicitFileType = wrapper.application; includeInIndex = 0; path = Beautify.app; sourceTree = BUILT_PRODUCTS_DIR; };
		79A0EF321AD984FB005EBEF5 /* Info.plist */ = {isa = PBXFileReference; lastKnownFileType = text.plist.xml; path = Info.plist; sourceTree = "<group>"; };
		79A0EF331AD984FB005EBEF5 /* main.m */ = {isa = PBXFileReference; lastKnownFileType = sourcecode.c.objc; path = main.m; sourceTree = "<group>"; };
		79A0EF351AD984FB005EBEF5 /* AppDelegate.h */ = {isa = PBXFileReference; lastKnownFileType = sourcecode.c.h; path = AppDelegate.h; sourceTree = "<group>"; };
		79A0EF361AD984FB005EBEF5 /* AppDelegate.m */ = {isa = PBXFileReference; lastKnownFileType = sourcecode.c.objc; path = AppDelegate.m; sourceTree = "<group>"; };
		79A0EF391AD984FB005EBEF5 /* Beautify.xcdatamodel */ = {isa = PBXFileReference; lastKnownFileType = wrapper.xcdatamodel; path = Beautify.xcdatamodel; sourceTree = "<group>"; };
		79A0EF421AD984FB005EBEF5 /* Base */ = {isa = PBXFileReference; lastKnownFileType = file.storyboard; name = Base; path = Base.lproj/Main.storyboard; sourceTree = "<group>"; };
		79A0EF441AD984FC005EBEF5 /* Images.xcassets */ = {isa = PBXFileReference; lastKnownFileType = folder.assetcatalog; path = Images.xcassets; sourceTree = "<group>"; };
		79A0EF471AD984FC005EBEF5 /* Base */ = {isa = PBXFileReference; lastKnownFileType = file.xib; name = Base; path = Base.lproj/LaunchScreen.xib; sourceTree = "<group>"; };
		79A0EF4D1AD984FC005EBEF5 /* BeautifyTests.xctest */ = {isa = PBXFileReference; explicitFileType = wrapper.cfbundle; includeInIndex = 0; path = BeautifyTests.xctest; sourceTree = BUILT_PRODUCTS_DIR; };
		79A0EF521AD984FC005EBEF5 /* Info.plist */ = {isa = PBXFileReference; lastKnownFileType = text.plist.xml; path = Info.plist; sourceTree = "<group>"; };
		79A0EF531AD984FC005EBEF5 /* BeautifyTests.m */ = {isa = PBXFileReference; lastKnownFileType = sourcecode.c.objc; path = BeautifyTests.m; sourceTree = "<group>"; };
		79A0EF611AD986BE005EBEF5 /* AppHelper.h */ = {isa = PBXFileReference; fileEncoding = 4; lastKnownFileType = sourcecode.c.h; path = AppHelper.h; sourceTree = "<group>"; };
		79A0EF621AD986BE005EBEF5 /* AppHelper.m */ = {isa = PBXFileReference; fileEncoding = 4; lastKnownFileType = sourcecode.c.objc; path = AppHelper.m; sourceTree = "<group>"; };
		79A0EF641AD98738005EBEF5 /* Model.h */ = {isa = PBXFileReference; fileEncoding = 4; lastKnownFileType = sourcecode.c.h; path = Model.h; sourceTree = "<group>"; };
		79A0EF651AD98738005EBEF5 /* Model.m */ = {isa = PBXFileReference; fileEncoding = 4; lastKnownFileType = sourcecode.c.objc; path = Model.m; sourceTree = "<group>"; };
		79A0EF661AD98738005EBEF5 /* Model+JSONKit.h */ = {isa = PBXFileReference; fileEncoding = 4; lastKnownFileType = sourcecode.c.h; path = "Model+JSONKit.h"; sourceTree = "<group>"; };
		79A0EF671AD98738005EBEF5 /* Model+JSONKit.m */ = {isa = PBXFileReference; fileEncoding = 4; lastKnownFileType = sourcecode.c.objc; path = "Model+JSONKit.m"; sourceTree = "<group>"; };
		79A0EF6B1AD9892D005EBEF5 /* LoginViewController.h */ = {isa = PBXFileReference; fileEncoding = 4; lastKnownFileType = sourcecode.c.h; path = LoginViewController.h; sourceTree = "<group>"; };
		79A0EF6C1AD9892D005EBEF5 /* LoginViewController.m */ = {isa = PBXFileReference; fileEncoding = 4; lastKnownFileType = sourcecode.c.objc; path = LoginViewController.m; sourceTree = "<group>"; };
		79A0EF6F1AD98D7E005EBEF5 /* Simplify.bundle */ = {isa = PBXFileReference; lastKnownFileType = "wrapper.plug-in"; path = Simplify.bundle; sourceTree = "<group>"; };
		79A0EF701AD98D7E005EBEF5 /* Simplify.framework */ = {isa = PBXFileReference; lastKnownFileType = wrapper.framework; path = Simplify.framework; sourceTree = "<group>"; };
		79A0EF731AD98E05005EBEF5 /* PaymentViewController.h */ = {isa = PBXFileReference; fileEncoding = 4; lastKnownFileType = sourcecode.c.h; path = PaymentViewController.h; sourceTree = "<group>"; };
		79A0EF741AD98E05005EBEF5 /* PaymentViewController.m */ = {isa = PBXFileReference; fileEncoding = 4; lastKnownFileType = sourcecode.c.objc; path = PaymentViewController.m; sourceTree = "<group>"; };
		79A0EF761AD998A6005EBEF5 /* ProfessionalListViewController.h */ = {isa = PBXFileReference; fileEncoding = 4; lastKnownFileType = sourcecode.c.h; path = ProfessionalListViewController.h; sourceTree = "<group>"; };
		79A0EF771AD998A6005EBEF5 /* ProfessionalListViewController.m */ = {isa = PBXFileReference; fileEncoding = 4; lastKnownFileType = sourcecode.c.objc; path = ProfessionalListViewController.m; sourceTree = "<group>"; };
		79A0EF791AD998B2005EBEF5 /* ProfileViewController.h */ = {isa = PBXFileReference; fileEncoding = 4; lastKnownFileType = sourcecode.c.h; path = ProfileViewController.h; sourceTree = "<group>"; };
		79A0EF7A1AD998B2005EBEF5 /* ProfileViewController.m */ = {isa = PBXFileReference; fileEncoding = 4; lastKnownFileType = sourcecode.c.objc; path = ProfileViewController.m; sourceTree = "<group>"; };
		79A0EF7C1AD998C9005EBEF5 /* ScheduleViewController.h */ = {isa = PBXFileReference; fileEncoding = 4; lastKnownFileType = sourcecode.c.h; path = ScheduleViewController.h; sourceTree = "<group>"; };
		79A0EF7D1AD998C9005EBEF5 /* ScheduleViewController.m */ = {isa = PBXFileReference; fileEncoding = 4; lastKnownFileType = sourcecode.c.objc; path = ScheduleViewController.m; sourceTree = "<group>"; };
		79A0EF7F1AD998D8005EBEF5 /* FavoritesViewController.h */ = {isa = PBXFileReference; fileEncoding = 4; lastKnownFileType = sourcecode.c.h; path = FavoritesViewController.h; sourceTree = "<group>"; };
		79A0EF801AD998D8005EBEF5 /* FavoritesViewController.m */ = {isa = PBXFileReference; fileEncoding = 4; lastKnownFileType = sourcecode.c.objc; path = FavoritesViewController.m; sourceTree = "<group>"; };
		79A0EF821AD99AFD005EBEF5 /* BaseService.h */ = {isa = PBXFileReference; fileEncoding = 4; lastKnownFileType = sourcecode.c.h; path = BaseService.h; sourceTree = "<group>"; };
		79A0EF831AD99AFD005EBEF5 /* BaseService.m */ = {isa = PBXFileReference; fileEncoding = 4; lastKnownFileType = sourcecode.c.objc; path = BaseService.m; sourceTree = "<group>"; };
		79A0EF851AD99B58005EBEF5 /* ConnectionDataService.h */ = {isa = PBXFileReference; fileEncoding = 4; lastKnownFileType = sourcecode.c.h; path = ConnectionDataService.h; sourceTree = "<group>"; };
		79A0EF861AD99B58005EBEF5 /* ConnectionDataService.m */ = {isa = PBXFileReference; fileEncoding = 4; lastKnownFileType = sourcecode.c.objc; path = ConnectionDataService.m; sourceTree = "<group>"; };
		79A0EF881AD99F46005EBEF5 /* ProfessionalService.h */ = {isa = PBXFileReference; fileEncoding = 4; lastKnownFileType = sourcecode.c.h; path = ProfessionalService.h; sourceTree = "<group>"; };
		79A0EF891AD99F46005EBEF5 /* ProfessionalService.m */ = {isa = PBXFileReference; fileEncoding = 4; lastKnownFileType = sourcecode.c.objc; path = ProfessionalService.m; sourceTree = "<group>"; };
		79A0EF8B1AD9A03D005EBEF5 /* ServicesService.h */ = {isa = PBXFileReference; fileEncoding = 4; lastKnownFileType = sourcecode.c.h; path = ServicesService.h; sourceTree = "<group>"; };
		79A0EF8C1AD9A03D005EBEF5 /* ServicesService.m */ = {isa = PBXFileReference; fileEncoding = 4; lastKnownFileType = sourcecode.c.objc; path = ServicesService.m; sourceTree = "<group>"; };
		79A0EF8E1AD9A057005EBEF5 /* CustomerService.h */ = {isa = PBXFileReference; fileEncoding = 4; lastKnownFileType = sourcecode.c.h; path = CustomerService.h; sourceTree = "<group>"; };
		79A0EF8F1AD9A057005EBEF5 /* CustomerService.m */ = {isa = PBXFileReference; fileEncoding = 4; lastKnownFileType = sourcecode.c.objc; path = CustomerService.m; sourceTree = "<group>"; };
		79A0EF911AD9ADAE005EBEF5 /* Service.h */ = {isa = PBXFileReference; fileEncoding = 4; lastKnownFileType = sourcecode.c.h; path = Service.h; sourceTree = "<group>"; };
		79A0EF921AD9ADAE005EBEF5 /* Service.m */ = {isa = PBXFileReference; fileEncoding = 4; lastKnownFileType = sourcecode.c.objc; path = Service.m; sourceTree = "<group>"; };
		79A0EF971AD9ADAF005EBEF5 /* Customer.h */ = {isa = PBXFileReference; fileEncoding = 4; lastKnownFileType = sourcecode.c.h; path = Customer.h; sourceTree = "<group>"; };
		79A0EF981AD9ADAF005EBEF5 /* Customer.m */ = {isa = PBXFileReference; fileEncoding = 4; lastKnownFileType = sourcecode.c.objc; path = Customer.m; sourceTree = "<group>"; };
		79A0EF9E1AD9AE78005EBEF5 /* ProfessionalCell.h */ = {isa = PBXFileReference; fileEncoding = 4; lastKnownFileType = sourcecode.c.h; path = ProfessionalCell.h; sourceTree = "<group>"; };
		79A0EF9F1AD9AE78005EBEF5 /* ProfessionalCell.m */ = {isa = PBXFileReference; fileEncoding = 4; lastKnownFileType = sourcecode.c.objc; path = ProfessionalCell.m; sourceTree = "<group>"; };
		79A0EFA31AD9B3EA005EBEF5 /* BaseViewController.h */ = {isa = PBXFileReference; fileEncoding = 4; lastKnownFileType = sourcecode.c.h; path = BaseViewController.h; sourceTree = "<group>"; };
		79A0EFA41AD9B3EA005EBEF5 /* BaseViewController.m */ = {isa = PBXFileReference; fileEncoding = 4; lastKnownFileType = sourcecode.c.objc; path = BaseViewController.m; sourceTree = "<group>"; };
		79A0EFA61AD9B8D1005EBEF5 /* ProfessionalCell.xib */ = {isa = PBXFileReference; fileEncoding = 4; lastKnownFileType = file.xib; path = ProfessionalCell.xib; sourceTree = "<group>"; };
		79A0EFAB1AD9C38E005EBEF5 /* Professional.h */ = {isa = PBXFileReference; fileEncoding = 4; lastKnownFileType = sourcecode.c.h; path = Professional.h; sourceTree = "<group>"; };
		79A0EFAC1AD9C38E005EBEF5 /* Professional.m */ = {isa = PBXFileReference; fileEncoding = 4; lastKnownFileType = sourcecode.c.objc; path = Professional.m; sourceTree = "<group>"; };
		79A0EFB71AD9C640005EBEF5 /* JSONObjects.h */ = {isa = PBXFileReference; fileEncoding = 4; lastKnownFileType = sourcecode.c.h; path = JSONObjects.h; sourceTree = "<group>"; };
		79A0EFB81AD9C640005EBEF5 /* JSONObjects.m */ = {isa = PBXFileReference; fileEncoding = 4; lastKnownFileType = sourcecode.c.objc; path = JSONObjects.m; sourceTree = "<group>"; };
		79A0EFBA1AD9CC20005EBEF5 /* ProfessionalDetailViewController.h */ = {isa = PBXFileReference; fileEncoding = 4; lastKnownFileType = sourcecode.c.h; path = ProfessionalDetailViewController.h; sourceTree = "<group>"; };
		79A0EFBB1AD9CC20005EBEF5 /* ProfessionalDetailViewController.m */ = {isa = PBXFileReference; fileEncoding = 4; lastKnownFileType = sourcecode.c.objc; path = ProfessionalDetailViewController.m; sourceTree = "<group>"; };
		79A0EFBE1AD9EEC0005EBEF5 /* ScheduleCell.h */ = {isa = PBXFileReference; fileEncoding = 4; lastKnownFileType = sourcecode.c.h; name = ScheduleCell.h; path = ScheduleCell/ScheduleCell.h; sourceTree = "<group>"; };
		79A0EFBF1AD9EEC0005EBEF5 /* ScheduleCell.m */ = {isa = PBXFileReference; fileEncoding = 4; lastKnownFileType = sourcecode.c.objc; name = ScheduleCell.m; path = ScheduleCell/ScheduleCell.m; sourceTree = "<group>"; };
		79A0EFC11AD9EED4005EBEF5 /* ScheduleCell.xib */ = {isa = PBXFileReference; fileEncoding = 4; lastKnownFileType = file.xib; name = ScheduleCell.xib; path = ScheduleCell/ScheduleCell.xib; sourceTree = "<group>"; };
		79A0EFC91AD9F2EA005EBEF5 /* Schedule.h */ = {isa = PBXFileReference; fileEncoding = 4; lastKnownFileType = sourcecode.c.h; path = Schedule.h; sourceTree = "<group>"; };
		79A0EFCA1AD9F2EA005EBEF5 /* Schedule.m */ = {isa = PBXFileReference; fileEncoding = 4; lastKnownFileType = sourcecode.c.objc; path = Schedule.m; sourceTree = "<group>"; };
		79A0EFCC1AD9F33F005EBEF5 /* ScheduleDetailViewController.h */ = {isa = PBXFileReference; fileEncoding = 4; lastKnownFileType = sourcecode.c.h; path = ScheduleDetailViewController.h; sourceTree = "<group>"; };
		79A0EFCD1AD9F33F005EBEF5 /* ScheduleDetailViewController.m */ = {isa = PBXFileReference; fileEncoding = 4; lastKnownFileType = sourcecode.c.objc; path = ScheduleDetailViewController.m; sourceTree = "<group>"; };
		79A0EFD01AD9F51B005EBEF5 /* BebasNeue-Book.otf */ = {isa = PBXFileReference; lastKnownFileType = file; path = "BebasNeue-Book.otf"; sourceTree = "<group>"; };
		79A0EFD11AD9F51B005EBEF5 /* BebasNeue-Regular.otf */ = {isa = PBXFileReference; lastKnownFileType = file; path = "BebasNeue-Regular.otf"; sourceTree = "<group>"; };
		79A0EFD51ADA0785005EBEF5 /* ServiceCell.h */ = {isa = PBXFileReference; fileEncoding = 4; lastKnownFileType = sourcecode.c.h; name = ServiceCell.h; path = ServiceCell/ServiceCell.h; sourceTree = "<group>"; };
		79A0EFD61ADA0785005EBEF5 /* ServiceCell.m */ = {isa = PBXFileReference; fileEncoding = 4; lastKnownFileType = sourcecode.c.objc; name = ServiceCell.m; path = ServiceCell/ServiceCell.m; sourceTree = "<group>"; };
		79A0EFD81ADA078F005EBEF5 /* ServiceCell.xib */ = {isa = PBXFileReference; fileEncoding = 4; lastKnownFileType = file.xib; path = ServiceCell.xib; sourceTree = "<group>"; };
		79A0EFF81ADA22DC005EBEF5 /* DateAcessoryView.h */ = {isa = PBXFileReference; fileEncoding = 4; lastKnownFileType = sourcecode.c.h; name = DateAcessoryView.h; path = DateAccessoryView/DateAcessoryView.h; sourceTree = "<group>"; };
		79A0EFF91ADA22DC005EBEF5 /* DateAcessoryView.m */ = {isa = PBXFileReference; fileEncoding = 4; lastKnownFileType = sourcecode.c.objc; name = DateAcessoryView.m; path = DateAccessoryView/DateAcessoryView.m; sourceTree = "<group>"; };
		79A0EFFB1ADA22F1005EBEF5 /* DateAcessoryView.xib */ = {isa = PBXFileReference; fileEncoding = 4; lastKnownFileType = file.xib; name = DateAcessoryView.xib; path = DateAccessoryView/DateAcessoryView.xib; sourceTree = "<group>"; };
		79A0EFFD1ADA2CB3005EBEF5 /* ScheduleService.h */ = {isa = PBXFileReference; fileEncoding = 4; lastKnownFileType = sourcecode.c.h; path = ScheduleService.h; sourceTree = "<group>"; };
		79A0EFFE1ADA2CB3005EBEF5 /* ScheduleService.m */ = {isa = PBXFileReference; fileEncoding = 4; lastKnownFileType = sourcecode.c.objc; path = ScheduleService.m; sourceTree = "<group>"; };
		79A0F0001ADA37D1005EBEF5 /* ScheduleConfirmationViewController.h */ = {isa = PBXFileReference; fileEncoding = 4; lastKnownFileType = sourcecode.c.h; path = ScheduleConfirmationViewController.h; sourceTree = "<group>"; };
		79A0F0011ADA37D1005EBEF5 /* ScheduleConfirmationViewController.m */ = {isa = PBXFileReference; fileEncoding = 4; lastKnownFileType = sourcecode.c.objc; path = ScheduleConfirmationViewController.m; sourceTree = "<group>"; };
		79F45CA91ADA3C2900675031 /* FavoriteService.h */ = {isa = PBXFileReference; fileEncoding = 4; lastKnownFileType = sourcecode.c.h; path = FavoriteService.h; sourceTree = "<group>"; };
		79F45CAA1ADA3C2900675031 /* FavoriteService.m */ = {isa = PBXFileReference; fileEncoding = 4; lastKnownFileType = sourcecode.c.objc; path = FavoriteService.m; sourceTree = "<group>"; };
		A687BCC91ADA470600B20212 /* Favorite.h */ = {isa = PBXFileReference; fileEncoding = 4; lastKnownFileType = sourcecode.c.h; path = Favorite.h; sourceTree = "<group>"; };
		A687BCCA1ADA470600B20212 /* Favorite.m */ = {isa = PBXFileReference; fileEncoding = 4; lastKnownFileType = sourcecode.c.objc; path = Favorite.m; sourceTree = "<group>"; };
/* End PBXFileReference section */

/* Begin PBXFrameworksBuildPhase section */
		79A0EF2B1AD984FB005EBEF5 /* Frameworks */ = {
			isa = PBXFrameworksBuildPhase;
			buildActionMask = 2147483647;
			files = (
				79A0EF721AD98D7E005EBEF5 /* Simplify.framework in Frameworks */,
			);
			runOnlyForDeploymentPostprocessing = 0;
		};
		79A0EF4A1AD984FC005EBEF5 /* Frameworks */ = {
			isa = PBXFrameworksBuildPhase;
			buildActionMask = 2147483647;
			files = (
			);
			runOnlyForDeploymentPostprocessing = 0;
		};
/* End PBXFrameworksBuildPhase section */

/* Begin PBXGroup section */
		79A0EF251AD984FB005EBEF5 = {
			isa = PBXGroup;
			children = (
				79A0EF301AD984FB005EBEF5 /* Beautify */,
				79A0EF501AD984FC005EBEF5 /* BeautifyTests */,
				79A0EF2F1AD984FB005EBEF5 /* Products */,
			);
			sourceTree = "<group>";
		};
		79A0EF2F1AD984FB005EBEF5 /* Products */ = {
			isa = PBXGroup;
			children = (
				79A0EF2E1AD984FB005EBEF5 /* Beautify.app */,
				79A0EF4D1AD984FC005EBEF5 /* BeautifyTests.xctest */,
			);
			name = Products;
			sourceTree = "<group>";
		};
		79A0EF301AD984FB005EBEF5 /* Beautify */ = {
			isa = PBXGroup;
			children = (
				79A0EF351AD984FB005EBEF5 /* AppDelegate.h */,
				79A0EF361AD984FB005EBEF5 /* AppDelegate.m */,
				79A0EF611AD986BE005EBEF5 /* AppHelper.h */,
				79A0EF621AD986BE005EBEF5 /* AppHelper.m */,
				79A0EF411AD984FB005EBEF5 /* Main.storyboard */,
				79A0EF441AD984FC005EBEF5 /* Images.xcassets */,
				79A0EF461AD984FC005EBEF5 /* LaunchScreen.xib */,
				79A0EFCF1AD9F51B005EBEF5 /* Resources */,
				79A0EFB61AD9C621005EBEF5 /* Util */,
				79A0EF9C1AD9AE52005EBEF5 /* Cells */,
				79A0EF6E1AD98D3B005EBEF5 /* Frameworks */,
				79A0EF5D1AD98563005EBEF5 /* Components */,
				79A0EF5E1AD98563005EBEF5 /* Domain */,
				79A0EF5F1AD98563005EBEF5 /* Service */,
				79A0EF601AD98563005EBEF5 /* View Controllers */,
				79A0EF311AD984FB005EBEF5 /* Supporting Files */,
			);
			path = Beautify;
			sourceTree = "<group>";
		};
		79A0EF311AD984FB005EBEF5 /* Supporting Files */ = {
			isa = PBXGroup;
			children = (
				79A0EF321AD984FB005EBEF5 /* Info.plist */,
				79A0EF331AD984FB005EBEF5 /* main.m */,
			);
			name = "Supporting Files";
			sourceTree = "<group>";
		};
		79A0EF501AD984FC005EBEF5 /* BeautifyTests */ = {
			isa = PBXGroup;
			children = (
				79A0EF531AD984FC005EBEF5 /* BeautifyTests.m */,
				79A0EF511AD984FC005EBEF5 /* Supporting Files */,
			);
			path = BeautifyTests;
			sourceTree = "<group>";
		};
		79A0EF511AD984FC005EBEF5 /* Supporting Files */ = {
			isa = PBXGroup;
			children = (
				79A0EF521AD984FC005EBEF5 /* Info.plist */,
			);
			name = "Supporting Files";
			sourceTree = "<group>";
		};
		79A0EF5D1AD98563005EBEF5 /* Components */ = {
			isa = PBXGroup;
			children = (
				79A0EFB21AD9C5D8005EBEF5 /* Json Objects */,
				79A0EF6A1AD9873D005EBEF5 /* Model */,
			);
			path = Components;
			sourceTree = "<group>";
		};
		79A0EF5E1AD98563005EBEF5 /* Domain */ = {
			isa = PBXGroup;
			children = (
				79A0EF381AD984FB005EBEF5 /* Beautify.xcdatamodeld */,
				79A0EFC91AD9F2EA005EBEF5 /* Schedule.h */,
				79A0EFCA1AD9F2EA005EBEF5 /* Schedule.m */,
				79A0EF971AD9ADAF005EBEF5 /* Customer.h */,
				79A0EF981AD9ADAF005EBEF5 /* Customer.m */,
				79A0EF911AD9ADAE005EBEF5 /* Service.h */,
				79A0EF921AD9ADAE005EBEF5 /* Service.m */,
				79A0EFAB1AD9C38E005EBEF5 /* Professional.h */,
				79A0EFAC1AD9C38E005EBEF5 /* Professional.m */,
				A687BCC91ADA470600B20212 /* Favorite.h */,
				A687BCCA1ADA470600B20212 /* Favorite.m */,
			);
			path = Domain;
			sourceTree = "<group>";
		};
		79A0EF5F1AD98563005EBEF5 /* Service */ = {
			isa = PBXGroup;
			children = (
				79A0EF821AD99AFD005EBEF5 /* BaseService.h */,
				79A0EF831AD99AFD005EBEF5 /* BaseService.m */,
				79A0EF851AD99B58005EBEF5 /* ConnectionDataService.h */,
				79A0EF861AD99B58005EBEF5 /* ConnectionDataService.m */,
				79A0EF881AD99F46005EBEF5 /* ProfessionalService.h */,
				79A0EF891AD99F46005EBEF5 /* ProfessionalService.m */,
				79A0EF8B1AD9A03D005EBEF5 /* ServicesService.h */,
				79A0EF8C1AD9A03D005EBEF5 /* ServicesService.m */,
				79A0EF8E1AD9A057005EBEF5 /* CustomerService.h */,
				79A0EF8F1AD9A057005EBEF5 /* CustomerService.m */,
				79A0EFFD1ADA2CB3005EBEF5 /* ScheduleService.h */,
				79A0EFFE1ADA2CB3005EBEF5 /* ScheduleService.m */,
				79F45CA91ADA3C2900675031 /* FavoriteService.h */,
				79F45CAA1ADA3C2900675031 /* FavoriteService.m */,
			);
			path = Service;
			sourceTree = "<group>";
		};
		79A0EF601AD98563005EBEF5 /* View Controllers */ = {
			isa = PBXGroup;
			children = (
				79A0EF6B1AD9892D005EBEF5 /* LoginViewController.h */,
				79A0EF6C1AD9892D005EBEF5 /* LoginViewController.m */,
				79A0EF731AD98E05005EBEF5 /* PaymentViewController.h */,
				79A0EF741AD98E05005EBEF5 /* PaymentViewController.m */,
				79A0EF761AD998A6005EBEF5 /* ProfessionalListViewController.h */,
				79A0EF771AD998A6005EBEF5 /* ProfessionalListViewController.m */,
				79A0EF791AD998B2005EBEF5 /* ProfileViewController.h */,
				79A0EF7A1AD998B2005EBEF5 /* ProfileViewController.m */,
				79A0EF7C1AD998C9005EBEF5 /* ScheduleViewController.h */,
				79A0EF7D1AD998C9005EBEF5 /* ScheduleViewController.m */,
				79A0EF7F1AD998D8005EBEF5 /* FavoritesViewController.h */,
				79A0EF801AD998D8005EBEF5 /* FavoritesViewController.m */,
				79A0EFA31AD9B3EA005EBEF5 /* BaseViewController.h */,
				79A0EFA41AD9B3EA005EBEF5 /* BaseViewController.m */,
				79A0EFBA1AD9CC20005EBEF5 /* ProfessionalDetailViewController.h */,
				79A0EFBB1AD9CC20005EBEF5 /* ProfessionalDetailViewController.m */,
				79A0EFCC1AD9F33F005EBEF5 /* ScheduleDetailViewController.h */,
				79A0EFCD1AD9F33F005EBEF5 /* ScheduleDetailViewController.m */,
				79A0F0001ADA37D1005EBEF5 /* ScheduleConfirmationViewController.h */,
				79A0F0011ADA37D1005EBEF5 /* ScheduleConfirmationViewController.m */,
			);
			path = "View Controllers";
			sourceTree = "<group>";
		};
		79A0EF6A1AD9873D005EBEF5 /* Model */ = {
			isa = PBXGroup;
			children = (
				79A0EF641AD98738005EBEF5 /* Model.h */,
				79A0EF651AD98738005EBEF5 /* Model.m */,
				79A0EF661AD98738005EBEF5 /* Model+JSONKit.h */,
				79A0EF671AD98738005EBEF5 /* Model+JSONKit.m */,
			);
			name = Model;
			path = ../Domain;
			sourceTree = "<group>";
		};
		79A0EF6E1AD98D3B005EBEF5 /* Frameworks */ = {
			isa = PBXGroup;
			children = (
				79A0EF6F1AD98D7E005EBEF5 /* Simplify.bundle */,
				79A0EF701AD98D7E005EBEF5 /* Simplify.framework */,
			);
			path = Frameworks;
			sourceTree = "<group>";
		};
		79A0EF9C1AD9AE52005EBEF5 /* Cells */ = {
			isa = PBXGroup;
			children = (
				79A0EFF71ADA22B8005EBEF5 /* DateAccessoryView */,
				79A0EFD41ADA0766005EBEF5 /* ServiceCell */,
				79A0EFBD1AD9EE9C005EBEF5 /* ScheduleCell */,
				79A0EF9D1AD9AE65005EBEF5 /* ProfessionalCell */,
			);
			path = Cells;
			sourceTree = "<group>";
		};
		79A0EF9D1AD9AE65005EBEF5 /* ProfessionalCell */ = {
			isa = PBXGroup;
			children = (
				79A0EFA61AD9B8D1005EBEF5 /* ProfessionalCell.xib */,
				79A0EF9E1AD9AE78005EBEF5 /* ProfessionalCell.h */,
				79A0EF9F1AD9AE78005EBEF5 /* ProfessionalCell.m */,
			);
			path = ProfessionalCell;
			sourceTree = "<group>";
		};
		79A0EFB21AD9C5D8005EBEF5 /* Json Objects */ = {
			isa = PBXGroup;
			children = (
			);
			name = "Json Objects";
			sourceTree = "<group>";
		};
		79A0EFB61AD9C621005EBEF5 /* Util */ = {
			isa = PBXGroup;
			children = (
				79A0EFB71AD9C640005EBEF5 /* JSONObjects.h */,
				79A0EFB81AD9C640005EBEF5 /* JSONObjects.m */,
			);
			path = Util;
			sourceTree = "<group>";
		};
		79A0EFBD1AD9EE9C005EBEF5 /* ScheduleCell */ = {
			isa = PBXGroup;
			children = (
				79A0EFBE1AD9EEC0005EBEF5 /* ScheduleCell.h */,
				79A0EFBF1AD9EEC0005EBEF5 /* ScheduleCell.m */,
				79A0EFC11AD9EED4005EBEF5 /* ScheduleCell.xib */,
			);
			name = ScheduleCell;
			sourceTree = "<group>";
		};
		79A0EFCF1AD9F51B005EBEF5 /* Resources */ = {
			isa = PBXGroup;
			children = (
				79A0EFD01AD9F51B005EBEF5 /* BebasNeue-Book.otf */,
				79A0EFD11AD9F51B005EBEF5 /* BebasNeue-Regular.otf */,
			);
			path = Resources;
			sourceTree = "<group>";
		};
		79A0EFD41ADA0766005EBEF5 /* ServiceCell */ = {
			isa = PBXGroup;
			children = (
				79A0EFD51ADA0785005EBEF5 /* ServiceCell.h */,
				79A0EFD61ADA0785005EBEF5 /* ServiceCell.m */,
				79A0EFD81ADA078F005EBEF5 /* ServiceCell.xib */,
			);
			name = ServiceCell;
			sourceTree = "<group>";
		};
		79A0EFF71ADA22B8005EBEF5 /* DateAccessoryView */ = {
			isa = PBXGroup;
			children = (
				79A0EFF81ADA22DC005EBEF5 /* DateAcessoryView.h */,
				79A0EFF91ADA22DC005EBEF5 /* DateAcessoryView.m */,
				79A0EFFB1ADA22F1005EBEF5 /* DateAcessoryView.xib */,
			);
			name = DateAccessoryView;
			sourceTree = "<group>";
		};
/* End PBXGroup section */

/* Begin PBXNativeTarget section */
		79A0EF2D1AD984FB005EBEF5 /* Beautify */ = {
			isa = PBXNativeTarget;
			buildConfigurationList = 79A0EF571AD984FC005EBEF5 /* Build configuration list for PBXNativeTarget "Beautify" */;
			buildPhases = (
				79A0EF2A1AD984FB005EBEF5 /* Sources */,
				79A0EF2B1AD984FB005EBEF5 /* Frameworks */,
				79A0EF2C1AD984FB005EBEF5 /* Resources */,
			);
			buildRules = (
			);
			dependencies = (
			);
			name = Beautify;
			productName = Beautify;
			productReference = 79A0EF2E1AD984FB005EBEF5 /* Beautify.app */;
			productType = "com.apple.product-type.application";
		};
		79A0EF4C1AD984FC005EBEF5 /* BeautifyTests */ = {
			isa = PBXNativeTarget;
			buildConfigurationList = 79A0EF5A1AD984FC005EBEF5 /* Build configuration list for PBXNativeTarget "BeautifyTests" */;
			buildPhases = (
				79A0EF491AD984FC005EBEF5 /* Sources */,
				79A0EF4A1AD984FC005EBEF5 /* Frameworks */,
				79A0EF4B1AD984FC005EBEF5 /* Resources */,
			);
			buildRules = (
			);
			dependencies = (
				79A0EF4F1AD984FC005EBEF5 /* PBXTargetDependency */,
			);
			name = BeautifyTests;
			productName = BeautifyTests;
			productReference = 79A0EF4D1AD984FC005EBEF5 /* BeautifyTests.xctest */;
			productType = "com.apple.product-type.bundle.unit-test";
		};
/* End PBXNativeTarget section */

/* Begin PBXProject section */
		79A0EF261AD984FB005EBEF5 /* Project object */ = {
			isa = PBXProject;
			attributes = {
				LastUpgradeCheck = 0630;
				ORGANIZATIONNAME = "Cousins Corp";
				TargetAttributes = {
					79A0EF2D1AD984FB005EBEF5 = {
						CreatedOnToolsVersion = 6.3;
					};
					79A0EF4C1AD984FC005EBEF5 = {
						CreatedOnToolsVersion = 6.3;
						TestTargetID = 79A0EF2D1AD984FB005EBEF5;
					};
				};
			};
			buildConfigurationList = 79A0EF291AD984FB005EBEF5 /* Build configuration list for PBXProject "Beautify" */;
			compatibilityVersion = "Xcode 3.2";
			developmentRegion = English;
			hasScannedForEncodings = 0;
			knownRegions = (
				en,
				Base,
			);
			mainGroup = 79A0EF251AD984FB005EBEF5;
			productRefGroup = 79A0EF2F1AD984FB005EBEF5 /* Products */;
			projectDirPath = "";
			projectRoot = "";
			targets = (
				79A0EF2D1AD984FB005EBEF5 /* Beautify */,
				79A0EF4C1AD984FC005EBEF5 /* BeautifyTests */,
			);
		};
/* End PBXProject section */

/* Begin PBXResourcesBuildPhase section */
		79A0EF2C1AD984FB005EBEF5 /* Resources */ = {
			isa = PBXResourcesBuildPhase;
			buildActionMask = 2147483647;
			files = (
				79A0EFD31AD9F51B005EBEF5 /* BebasNeue-Regular.otf in Resources */,
				79A0EFFC1ADA22F1005EBEF5 /* DateAcessoryView.xib in Resources */,
				79A0EFA71AD9B8D1005EBEF5 /* ProfessionalCell.xib in Resources */,
				79A0EF711AD98D7E005EBEF5 /* Simplify.bundle in Resources */,
				79A0EFD21AD9F51B005EBEF5 /* BebasNeue-Book.otf in Resources */,
				79A0EFC21AD9EED4005EBEF5 /* ScheduleCell.xib in Resources */,
				79A0EFD91ADA078F005EBEF5 /* ServiceCell.xib in Resources */,
				79A0EF431AD984FB005EBEF5 /* Main.storyboard in Resources */,
				79A0EF481AD984FC005EBEF5 /* LaunchScreen.xib in Resources */,
				79A0EF451AD984FC005EBEF5 /* Images.xcassets in Resources */,
			);
			runOnlyForDeploymentPostprocessing = 0;
		};
		79A0EF4B1AD984FC005EBEF5 /* Resources */ = {
			isa = PBXResourcesBuildPhase;
			buildActionMask = 2147483647;
			files = (
			);
			runOnlyForDeploymentPostprocessing = 0;
		};
/* End PBXResourcesBuildPhase section */

/* Begin PBXSourcesBuildPhase section */
		79A0EF2A1AD984FB005EBEF5 /* Sources */ = {
			isa = PBXSourcesBuildPhase;
			buildActionMask = 2147483647;
			files = (
				79A0EFAD1AD9C38E005EBEF5 /* Professional.m in Sources */,
				79A0EF371AD984FB005EBEF5 /* AppDelegate.m in Sources */,
				79A0EF8D1AD9A03D005EBEF5 /* ServicesService.m in Sources */,
				79A0EF7E1AD998C9005EBEF5 /* ScheduleViewController.m in Sources */,
				79A0EF841AD99AFD005EBEF5 /* BaseService.m in Sources */,
				79A0EF8A1AD99F46005EBEF5 /* ProfessionalService.m in Sources */,
				79A0EF811AD998D8005EBEF5 /* FavoritesViewController.m in Sources */,
				79A0EFB91AD9C640005EBEF5 /* JSONObjects.m in Sources */,
				79A0EF341AD984FB005EBEF5 /* main.m in Sources */,
				79A0EFFA1ADA22DC005EBEF5 /* DateAcessoryView.m in Sources */,
				79A0EF3A1AD984FB005EBEF5 /* Beautify.xcdatamodeld in Sources */,
				79A0EF631AD986BE005EBEF5 /* AppHelper.m in Sources */,
				79A0EF7B1AD998B2005EBEF5 /* ProfileViewController.m in Sources */,
				79A0EFBC1AD9CC20005EBEF5 /* ProfessionalDetailViewController.m in Sources */,
				79A0EF781AD998A6005EBEF5 /* ProfessionalListViewController.m in Sources */,
				79A0EF871AD99B58005EBEF5 /* ConnectionDataService.m in Sources */,
				79A0EFA51AD9B3EA005EBEF5 /* BaseViewController.m in Sources */,
				79A0EF901AD9A057005EBEF5 /* CustomerService.m in Sources */,
				A687BCCB1ADA470600B20212 /* Favorite.m in Sources */,
				79A0EF6D1AD9892D005EBEF5 /* LoginViewController.m in Sources */,
				79A0F0021ADA37D1005EBEF5 /* ScheduleConfirmationViewController.m in Sources */,
				79A0EFC01AD9EEC0005EBEF5 /* ScheduleCell.m in Sources */,
				79A0EF691AD98738005EBEF5 /* Model+JSONKit.m in Sources */,
				79A0EF681AD98738005EBEF5 /* Model.m in Sources */,
				79A0EFD71ADA0785005EBEF5 /* ServiceCell.m in Sources */,
				79A0EFCE1AD9F33F005EBEF5 /* ScheduleDetailViewController.m in Sources */,
				79A0EF751AD98E05005EBEF5 /* PaymentViewController.m in Sources */,
				79A0EFCB1AD9F2EA005EBEF5 /* Schedule.m in Sources */,
				79A0EF931AD9ADAE005EBEF5 /* Service.m in Sources */,
				79A0EFA01AD9AE78005EBEF5 /* ProfessionalCell.m in Sources */,
				79F45CAB1ADA3C2900675031 /* FavoriteService.m in Sources */,
				79A0EFFF1ADA2CB3005EBEF5 /* ScheduleService.m in Sources */,
				79A0EF991AD9ADAF005EBEF5 /* Customer.m in Sources */,
			);
			runOnlyForDeploymentPostprocessing = 0;
		};
		79A0EF491AD984FC005EBEF5 /* Sources */ = {
			isa = PBXSourcesBuildPhase;
			buildActionMask = 2147483647;
			files = (
				79A0EF541AD984FC005EBEF5 /* BeautifyTests.m in Sources */,
			);
			runOnlyForDeploymentPostprocessing = 0;
		};
/* End PBXSourcesBuildPhase section */

/* Begin PBXTargetDependency section */
		79A0EF4F1AD984FC005EBEF5 /* PBXTargetDependency */ = {
			isa = PBXTargetDependency;
			target = 79A0EF2D1AD984FB005EBEF5 /* Beautify */;
			targetProxy = 79A0EF4E1AD984FC005EBEF5 /* PBXContainerItemProxy */;
		};
/* End PBXTargetDependency section */

/* Begin PBXVariantGroup section */
		79A0EF411AD984FB005EBEF5 /* Main.storyboard */ = {
			isa = PBXVariantGroup;
			children = (
				79A0EF421AD984FB005EBEF5 /* Base */,
			);
			name = Main.storyboard;
			sourceTree = "<group>";
		};
		79A0EF461AD984FC005EBEF5 /* LaunchScreen.xib */ = {
			isa = PBXVariantGroup;
			children = (
				79A0EF471AD984FC005EBEF5 /* Base */,
			);
			name = LaunchScreen.xib;
			sourceTree = "<group>";
		};
/* End PBXVariantGroup section */

/* Begin XCBuildConfiguration section */
		79A0EF551AD984FC005EBEF5 /* Debug */ = {
			isa = XCBuildConfiguration;
			buildSettings = {
				ALWAYS_SEARCH_USER_PATHS = NO;
				CLANG_CXX_LANGUAGE_STANDARD = "gnu++0x";
				CLANG_CXX_LIBRARY = "libc++";
				CLANG_ENABLE_MODULES = YES;
				CLANG_ENABLE_OBJC_ARC = YES;
				CLANG_WARN_BOOL_CONVERSION = YES;
				CLANG_WARN_CONSTANT_CONVERSION = YES;
				CLANG_WARN_DIRECT_OBJC_ISA_USAGE = YES_ERROR;
				CLANG_WARN_EMPTY_BODY = YES;
				CLANG_WARN_ENUM_CONVERSION = YES;
				CLANG_WARN_INT_CONVERSION = YES;
				CLANG_WARN_OBJC_ROOT_CLASS = YES_ERROR;
				CLANG_WARN_UNREACHABLE_CODE = YES;
				CLANG_WARN__DUPLICATE_METHOD_MATCH = YES;
				"CODE_SIGN_IDENTITY[sdk=iphoneos*]" = "iPhone Developer";
				COPY_PHASE_STRIP = NO;
				DEBUG_INFORMATION_FORMAT = "dwarf-with-dsym";
				ENABLE_STRICT_OBJC_MSGSEND = YES;
				GCC_C_LANGUAGE_STANDARD = gnu99;
				GCC_DYNAMIC_NO_PIC = NO;
				GCC_NO_COMMON_BLOCKS = YES;
				GCC_OPTIMIZATION_LEVEL = 0;
				GCC_PREPROCESSOR_DEFINITIONS = (
					"DEBUG=1",
					"$(inherited)",
				);
				GCC_SYMBOLS_PRIVATE_EXTERN = NO;
				GCC_WARN_64_TO_32_BIT_CONVERSION = YES;
				GCC_WARN_ABOUT_RETURN_TYPE = YES_ERROR;
				GCC_WARN_UNDECLARED_SELECTOR = YES;
				GCC_WARN_UNINITIALIZED_AUTOS = YES_AGGRESSIVE;
				GCC_WARN_UNUSED_FUNCTION = YES;
				GCC_WARN_UNUSED_VARIABLE = YES;
				IPHONEOS_DEPLOYMENT_TARGET = 8.3;
				MTL_ENABLE_DEBUG_INFO = YES;
				ONLY_ACTIVE_ARCH = YES;
				OTHER_LDFLAGS = "-ObjC";
				SDKROOT = iphoneos;
			};
			name = Debug;
		};
		79A0EF561AD984FC005EBEF5 /* Release */ = {
			isa = XCBuildConfiguration;
			buildSettings = {
				ALWAYS_SEARCH_USER_PATHS = NO;
				CLANG_CXX_LANGUAGE_STANDARD = "gnu++0x";
				CLANG_CXX_LIBRARY = "libc++";
				CLANG_ENABLE_MODULES = YES;
				CLANG_ENABLE_OBJC_ARC = YES;
				CLANG_WARN_BOOL_CONVERSION = YES;
				CLANG_WARN_CONSTANT_CONVERSION = YES;
				CLANG_WARN_DIRECT_OBJC_ISA_USAGE = YES_ERROR;
				CLANG_WARN_EMPTY_BODY = YES;
				CLANG_WARN_ENUM_CONVERSION = YES;
				CLANG_WARN_INT_CONVERSION = YES;
				CLANG_WARN_OBJC_ROOT_CLASS = YES_ERROR;
				CLANG_WARN_UNREACHABLE_CODE = YES;
				CLANG_WARN__DUPLICATE_METHOD_MATCH = YES;
				"CODE_SIGN_IDENTITY[sdk=iphoneos*]" = "iPhone Developer";
				COPY_PHASE_STRIP = NO;
				DEBUG_INFORMATION_FORMAT = "dwarf-with-dsym";
				ENABLE_NS_ASSERTIONS = NO;
				ENABLE_STRICT_OBJC_MSGSEND = YES;
				GCC_C_LANGUAGE_STANDARD = gnu99;
				GCC_NO_COMMON_BLOCKS = YES;
				GCC_WARN_64_TO_32_BIT_CONVERSION = YES;
				GCC_WARN_ABOUT_RETURN_TYPE = YES_ERROR;
				GCC_WARN_UNDECLARED_SELECTOR = YES;
				GCC_WARN_UNINITIALIZED_AUTOS = YES_AGGRESSIVE;
				GCC_WARN_UNUSED_FUNCTION = YES;
				GCC_WARN_UNUSED_VARIABLE = YES;
				IPHONEOS_DEPLOYMENT_TARGET = 8.3;
				MTL_ENABLE_DEBUG_INFO = NO;
				OTHER_LDFLAGS = "-ObjC";
				SDKROOT = iphoneos;
				VALIDATE_PRODUCT = YES;
			};
			name = Release;
		};
		79A0EF581AD984FC005EBEF5 /* Debug */ = {
			isa = XCBuildConfiguration;
			buildSettings = {
				ASSETCATALOG_COMPILER_APPICON_NAME = AppIcon;
				FRAMEWORK_SEARCH_PATHS = (
					"$(inherited)",
					"$(PROJECT_DIR)/Beautify/Frameworks",
				);
				INFOPLIST_FILE = Beautify/Info.plist;
				LD_RUNPATH_SEARCH_PATHS = "$(inherited) @executable_path/Frameworks";
				PRODUCT_NAME = "$(TARGET_NAME)";
			};
			name = Debug;
		};
		79A0EF591AD984FC005EBEF5 /* Release */ = {
			isa = XCBuildConfiguration;
			buildSettings = {
				ASSETCATALOG_COMPILER_APPICON_NAME = AppIcon;
				FRAMEWORK_SEARCH_PATHS = (
					"$(inherited)",
					"$(PROJECT_DIR)/Beautify/Frameworks",
				);
				INFOPLIST_FILE = Beautify/Info.plist;
				LD_RUNPATH_SEARCH_PATHS = "$(inherited) @executable_path/Frameworks";
				PRODUCT_NAME = "$(TARGET_NAME)";
			};
			name = Release;
		};
		79A0EF5B1AD984FC005EBEF5 /* Debug */ = {
			isa = XCBuildConfiguration;
			buildSettings = {
				BUNDLE_LOADER = "$(TEST_HOST)";
				FRAMEWORK_SEARCH_PATHS = (
					"$(SDKROOT)/Developer/Library/Frameworks",
					"$(inherited)",
				);
				GCC_PREPROCESSOR_DEFINITIONS = (
					"DEBUG=1",
					"$(inherited)",
				);
				INFOPLIST_FILE = BeautifyTests/Info.plist;
				LD_RUNPATH_SEARCH_PATHS = "$(inherited) @executable_path/Frameworks @loader_path/Frameworks";
				PRODUCT_NAME = "$(TARGET_NAME)";
				TEST_HOST = "$(BUILT_PRODUCTS_DIR)/Beautify.app/Beautify";
			};
			name = Debug;
		};
		79A0EF5C1AD984FC005EBEF5 /* Release */ = {
			isa = XCBuildConfiguration;
			buildSettings = {
				BUNDLE_LOADER = "$(TEST_HOST)";
				FRAMEWORK_SEARCH_PATHS = (
					"$(SDKROOT)/Developer/Library/Frameworks",
					"$(inherited)",
				);
				INFOPLIST_FILE = BeautifyTests/Info.plist;
				LD_RUNPATH_SEARCH_PATHS = "$(inherited) @executable_path/Frameworks @loader_path/Frameworks";
				PRODUCT_NAME = "$(TARGET_NAME)";
				TEST_HOST = "$(BUILT_PRODUCTS_DIR)/Beautify.app/Beautify";
			};
			name = Release;
		};
/* End XCBuildConfiguration section */

/* Begin XCConfigurationList section */
		79A0EF291AD984FB005EBEF5 /* Build configuration list for PBXProject "Beautify" */ = {
			isa = XCConfigurationList;
			buildConfigurations = (
				79A0EF551AD984FC005EBEF5 /* Debug */,
				79A0EF561AD984FC005EBEF5 /* Release */,
			);
			defaultConfigurationIsVisible = 0;
			defaultConfigurationName = Release;
		};
		79A0EF571AD984FC005EBEF5 /* Build configuration list for PBXNativeTarget "Beautify" */ = {
			isa = XCConfigurationList;
			buildConfigurations = (
				79A0EF581AD984FC005EBEF5 /* Debug */,
				79A0EF591AD984FC005EBEF5 /* Release */,
			);
			defaultConfigurationIsVisible = 0;
			defaultConfigurationName = Release;
		};
		79A0EF5A1AD984FC005EBEF5 /* Build configuration list for PBXNativeTarget "BeautifyTests" */ = {
			isa = XCConfigurationList;
			buildConfigurations = (
				79A0EF5B1AD984FC005EBEF5 /* Debug */,
				79A0EF5C1AD984FC005EBEF5 /* Release */,
			);
			defaultConfigurationIsVisible = 0;
			defaultConfigurationName = Release;
		};
/* End XCConfigurationList section */

/* Begin XCVersionGroup section */
		79A0EF381AD984FB005EBEF5 /* Beautify.xcdatamodeld */ = {
			isa = XCVersionGroup;
			children = (
				79A0EF391AD984FB005EBEF5 /* Beautify.xcdatamodel */,
			);
			currentVersion = 79A0EF391AD984FB005EBEF5 /* Beautify.xcdatamodel */;
			name = Beautify.xcdatamodeld;
			path = ../Beautify.xcdatamodeld;
			sourceTree = "<group>";
			versionGroupType = wrapper.xcdatamodel;
		};
/* End XCVersionGroup section */
	};
	rootObject = 79A0EF261AD984FB005EBEF5 /* Project object */;
}
