// !$*UTF8*$!
{
	archiveVersion = 1;
	classes = {
	};
	objectVersion = 46;
	objects = {

/* Begin PBXBuildFile section */
		79A0EF341AD984FB005EBEF5 /* main.m in Sources */ = {isa = PBXBuildFile; fileRef = 79A0EF331AD984FB005EBEF5 /* main.m */; };
		79A0EF371AD984FB005EBEF5 /* AppDelegate.m in Sources */ = {isa = PBXBuildFile; fileRef = 79A0EF361AD984FB005EBEF5 /* AppDelegate.m */; };
		79A0EF3A1AD984FB005EBEF5 /* Beautify.xcdatamodeld in Sources */ = {isa = PBXBuildFile; fileRef = 79A0EF381AD984FB005EBEF5 /* Beautify.xcdatamodeld */; };
		79A0EF431AD984FB005EBEF5 /* Main.storyboard in Resources */ = {isa = PBXBuildFile; fileRef = 79A0EF411AD984FB005EBEF5 /* Main.storyboard */; };
		79A0EF451AD984FC005EBEF5 /* Images.xcassets in Resources */ = {isa = PBXBuildFile; fileRef = 79A0EF441AD984FC005EBEF5 /* Images.xcassets */; };
		79A0EF481AD984FC005EBEF5 /* LaunchScreen.xib in Resources */ = {isa = PBXBuildFile; fileRef = 79A0EF461AD984FC005EBEF5 /* LaunchScreen.xib */; };
		79A0EF541AD984FC005EBEF5 /* BeautifyTests.m in Sources */ = {isa = PBXBuildFile; fileRef = 79A0EF531AD984FC005EBEF5 /* BeautifyTests.m */; };
		79A0EF631AD986BE005EBEF5 /* AppHelper.m in Sources */ = {isa = PBXBuildFile; fileRef = 79A0EF621AD986BE005EBEF5 /* AppHelper.m */; };
		79A0EF681AD98738005EBEF5 /* Model.m in Sources */ = {isa = PBXBuildFile; fileRef = 79A0EF651AD98738005EBEF5 /* Model.m */; };
		79A0EF691AD98738005EBEF5 /* Model+JSONKit.m in Sources */ = {isa = PBXBuildFile; fileRef = 79A0EF671AD98738005EBEF5 /* Model+JSONKit.m */; };
		79A0EF6D1AD9892D005EBEF5 /* LoginViewController.m in Sources */ = {isa = PBXBuildFile; fileRef = 79A0EF6C1AD9892D005EBEF5 /* LoginViewController.m */; };
		79A0EF711AD98D7E005EBEF5 /* Simplify.bundle in Resources */ = {isa = PBXBuildFile; fileRef = 79A0EF6F1AD98D7E005EBEF5 /* Simplify.bundle */; };
		79A0EF721AD98D7E005EBEF5 /* Simplify.framework in Frameworks */ = {isa = PBXBuildFile; fileRef = 79A0EF701AD98D7E005EBEF5 /* Simplify.framework */; };
		79A0EF751AD98E05005EBEF5 /* PaymentViewController.m in Sources */ = {isa = PBXBuildFile; fileRef = 79A0EF741AD98E05005EBEF5 /* PaymentViewController.m */; };
		79A0EF781AD998A6005EBEF5 /* ProfessionalListViewController.m in Sources */ = {isa = PBXBuildFile; fileRef = 79A0EF771AD998A6005EBEF5 /* ProfessionalListViewController.m */; };
		79A0EF7B1AD998B2005EBEF5 /* ProfileViewController.m in Sources */ = {isa = PBXBuildFile; fileRef = 79A0EF7A1AD998B2005EBEF5 /* ProfileViewController.m */; };
		79A0EF7E1AD998C9005EBEF5 /* ScheduleViewController.m in Sources */ = {isa = PBXBuildFile; fileRef = 79A0EF7D1AD998C9005EBEF5 /* ScheduleViewController.m */; };
		79A0EF811AD998D8005EBEF5 /* FavoritesViewController.m in Sources */ = {isa = PBXBuildFile; fileRef = 79A0EF801AD998D8005EBEF5 /* FavoritesViewController.m */; };
/* End PBXBuildFile section */

/* Begin PBXContainerItemProxy section */
		79A0EF4E1AD984FC005EBEF5 /* PBXContainerItemProxy */ = {
			isa = PBXContainerItemProxy;
			containerPortal = 79A0EF261AD984FB005EBEF5 /* Project object */;
			proxyType = 1;
			remoteGlobalIDString = 79A0EF2D1AD984FB005EBEF5;
			remoteInfo = Beautify;
		};
/* End PBXContainerItemProxy section */

/* Begin PBXFileReference section */
		79A0EF2E1AD984FB005EBEF5 /* Beautify.app */ = {isa = PBXFileReference; explicitFileType = wrapper.application; includeInIndex = 0; path = Beautify.app; sourceTree = BUILT_PRODUCTS_DIR; };
		79A0EF321AD984FB005EBEF5 /* Info.plist */ = {isa = PBXFileReference; lastKnownFileType = text.plist.xml; path = Info.plist; sourceTree = "<group>"; };
		79A0EF331AD984FB005EBEF5 /* main.m */ = {isa = PBXFileReference; lastKnownFileType = sourcecode.c.objc; path = main.m; sourceTree = "<group>"; };
		79A0EF351AD984FB005EBEF5 /* AppDelegate.h */ = {isa = PBXFileReference; lastKnownFileType = sourcecode.c.h; path = AppDelegate.h; sourceTree = "<group>"; };
		79A0EF361AD984FB005EBEF5 /* AppDelegate.m */ = {isa = PBXFileReference; lastKnownFileType = sourcecode.c.objc; path = AppDelegate.m; sourceTree = "<group>"; };
		79A0EF391AD984FB005EBEF5 /* Beautify.xcdatamodel */ = {isa = PBXFileReference; lastKnownFileType = wrapper.xcdatamodel; path = Beautify.xcdatamodel; sourceTree = "<group>"; };
		79A0EF421AD984FB005EBEF5 /* Base */ = {isa = PBXFileReference; lastKnownFileType = file.storyboard; name = Base; path = Base.lproj/Main.storyboard; sourceTree = "<group>"; };
		79A0EF441AD984FC005EBEF5 /* Images.xcassets */ = {isa = PBXFileReference; lastKnownFileType = folder.assetcatalog; path = Images.xcassets; sourceTree = "<group>"; };
		79A0EF471AD984FC005EBEF5 /* Base */ = {isa = PBXFileReference; lastKnownFileType = file.xib; name = Base; path = Base.lproj/LaunchScreen.xib; sourceTree = "<group>"; };
		79A0EF4D1AD984FC005EBEF5 /* BeautifyTests.xctest */ = {isa = PBXFileReference; explicitFileType = wrapper.cfbundle; includeInIndex = 0; path = BeautifyTests.xctest; sourceTree = BUILT_PRODUCTS_DIR; };
		79A0EF521AD984FC005EBEF5 /* Info.plist */ = {isa = PBXFileReference; lastKnownFileType = text.plist.xml; path = Info.plist; sourceTree = "<group>"; };
		79A0EF531AD984FC005EBEF5 /* BeautifyTests.m */ = {isa = PBXFileReference; lastKnownFileType = sourcecode.c.objc; path = BeautifyTests.m; sourceTree = "<group>"; };
		79A0EF611AD986BE005EBEF5 /* AppHelper.h */ = {isa = PBXFileReference; fileEncoding = 4; lastKnownFileType = sourcecode.c.h; path = AppHelper.h; sourceTree = "<group>"; };
		79A0EF621AD986BE005EBEF5 /* AppHelper.m */ = {isa = PBXFileReference; fileEncoding = 4; lastKnownFileType = sourcecode.c.objc; path = AppHelper.m; sourceTree = "<group>"; };
		79A0EF641AD98738005EBEF5 /* Model.h */ = {isa = PBXFileReference; fileEncoding = 4; lastKnownFileType = sourcecode.c.h; path = Model.h; sourceTree = "<group>"; };
		79A0EF651AD98738005EBEF5 /* Model.m */ = {isa = PBXFileReference; fileEncoding = 4; lastKnownFileType = sourcecode.c.objc; path = Model.m; sourceTree = "<group>"; };
		79A0EF661AD98738005EBEF5 /* Model+JSONKit.h */ = {isa = PBXFileReference; fileEncoding = 4; lastKnownFileType = sourcecode.c.h; path = "Model+JSONKit.h"; sourceTree = "<group>"; };
		79A0EF671AD98738005EBEF5 /* Model+JSONKit.m */ = {isa = PBXFileReference; fileEncoding = 4; lastKnownFileType = sourcecode.c.objc; path = "Model+JSONKit.m"; sourceTree = "<group>"; };
		79A0EF6B1AD9892D005EBEF5 /* LoginViewController.h */ = {isa = PBXFileReference; fileEncoding = 4; lastKnownFileType = sourcecode.c.h; path = LoginViewController.h; sourceTree = "<group>"; };
		79A0EF6C1AD9892D005EBEF5 /* LoginViewController.m */ = {isa = PBXFileReference; fileEncoding = 4; lastKnownFileType = sourcecode.c.objc; path = LoginViewController.m; sourceTree = "<group>"; };
		79A0EF6F1AD98D7E005EBEF5 /* Simplify.bundle */ = {isa = PBXFileReference; lastKnownFileType = "wrapper.plug-in"; path = Simplify.bundle; sourceTree = "<group>"; };
		79A0EF701AD98D7E005EBEF5 /* Simplify.framework */ = {isa = PBXFileReference; lastKnownFileType = wrapper.framework; path = Simplify.framework; sourceTree = "<group>"; };
		79A0EF731AD98E05005EBEF5 /* PaymentViewController.h */ = {isa = PBXFileReference; fileEncoding = 4; lastKnownFileType = sourcecode.c.h; path = PaymentViewController.h; sourceTree = "<group>"; };
		79A0EF741AD98E05005EBEF5 /* PaymentViewController.m */ = {isa = PBXFileReference; fileEncoding = 4; lastKnownFileType = sourcecode.c.objc; path = PaymentViewController.m; sourceTree = "<group>"; };
		79A0EF761AD998A6005EBEF5 /* ProfessionalListViewController.h */ = {isa = PBXFileReference; fileEncoding = 4; lastKnownFileType = sourcecode.c.h; path = ProfessionalListViewController.h; sourceTree = "<group>"; };
		79A0EF771AD998A6005EBEF5 /* ProfessionalListViewController.m */ = {isa = PBXFileReference; fileEncoding = 4; lastKnownFileType = sourcecode.c.objc; path = ProfessionalListViewController.m; sourceTree = "<group>"; };
		79A0EF791AD998B2005EBEF5 /* ProfileViewController.h */ = {isa = PBXFileReference; fileEncoding = 4; lastKnownFileType = sourcecode.c.h; path = ProfileViewController.h; sourceTree = "<group>"; };
		79A0EF7A1AD998B2005EBEF5 /* ProfileViewController.m */ = {isa = PBXFileReference; fileEncoding = 4; lastKnownFileType = sourcecode.c.objc; path = ProfileViewController.m; sourceTree = "<group>"; };
		79A0EF7C1AD998C9005EBEF5 /* ScheduleViewController.h */ = {isa = PBXFileReference; fileEncoding = 4; lastKnownFileType = sourcecode.c.h; path = ScheduleViewController.h; sourceTree = "<group>"; };
		79A0EF7D1AD998C9005EBEF5 /* ScheduleViewController.m */ = {isa = PBXFileReference; fileEncoding = 4; lastKnownFileType = sourcecode.c.objc; path = ScheduleViewController.m; sourceTree = "<group>"; };
		79A0EF7F1AD998D8005EBEF5 /* FavoritesViewController.h */ = {isa = PBXFileReference; fileEncoding = 4; lastKnownFileType = sourcecode.c.h; path = FavoritesViewController.h; sourceTree = "<group>"; };
		79A0EF801AD998D8005EBEF5 /* FavoritesViewController.m */ = {isa = PBXFileReference; fileEncoding = 4; lastKnownFileType = sourcecode.c.objc; path = FavoritesViewController.m; sourceTree = "<group>"; };
/* End PBXFileReference section */

/* Begin PBXFrameworksBuildPhase section */
		79A0EF2B1AD984FB005EBEF5 /* Frameworks */ = {
			isa = PBXFrameworksBuildPhase;
			buildActionMask = 2147483647;
			files = (
				79A0EF721AD98D7E005EBEF5 /* Simplify.framework in Frameworks */,
			);
			runOnlyForDeploymentPostprocessing = 0;
		};
		79A0EF4A1AD984FC005EBEF5 /* Frameworks */ = {
			isa = PBXFrameworksBuildPhase;
			buildActionMask = 2147483647;
			files = (
			);
			runOnlyForDeploymentPostprocessing = 0;
		};
/* End PBXFrameworksBuildPhase section */

/* Begin PBXGroup section */
		79A0EF251AD984FB005EBEF5 = {
			isa = PBXGroup;
			children = (
				79A0EF301AD984FB005EBEF5 /* Beautify */,
				79A0EF501AD984FC005EBEF5 /* BeautifyTests */,
				79A0EF2F1AD984FB005EBEF5 /* Products */,
			);
			sourceTree = "<group>";
		};
		79A0EF2F1AD984FB005EBEF5 /* Products */ = {
			isa = PBXGroup;
			children = (
				79A0EF2E1AD984FB005EBEF5 /* Beautify.app */,
				79A0EF4D1AD984FC005EBEF5 /* BeautifyTests.xctest */,
			);
			name = Products;
			sourceTree = "<group>";
		};
		79A0EF301AD984FB005EBEF5 /* Beautify */ = {
			isa = PBXGroup;
			children = (
				79A0EF351AD984FB005EBEF5 /* AppDelegate.h */,
				79A0EF361AD984FB005EBEF5 /* AppDelegate.m */,
				79A0EF611AD986BE005EBEF5 /* AppHelper.h */,
				79A0EF621AD986BE005EBEF5 /* AppHelper.m */,
				79A0EF411AD984FB005EBEF5 /* Main.storyboard */,
				79A0EF441AD984FC005EBEF5 /* Images.xcassets */,
				79A0EF461AD984FC005EBEF5 /* LaunchScreen.xib */,
				79A0EF6E1AD98D3B005EBEF5 /* Frameworks */,
				79A0EF5D1AD98563005EBEF5 /* Components */,
				79A0EF5E1AD98563005EBEF5 /* Domain */,
				79A0EF5F1AD98563005EBEF5 /* Service */,
				79A0EF601AD98563005EBEF5 /* View Controllers */,
				79A0EF311AD984FB005EBEF5 /* Supporting Files */,
			);
			path = Beautify;
			sourceTree = "<group>";
		};
		79A0EF311AD984FB005EBEF5 /* Supporting Files */ = {
			isa = PBXGroup;
			children = (
				79A0EF321AD984FB005EBEF5 /* Info.plist */,
				79A0EF331AD984FB005EBEF5 /* main.m */,
			);
			name = "Supporting Files";
			sourceTree = "<group>";
		};
		79A0EF501AD984FC005EBEF5 /* BeautifyTests */ = {
			isa = PBXGroup;
			children = (
				79A0EF531AD984FC005EBEF5 /* BeautifyTests.m */,
				79A0EF511AD984FC005EBEF5 /* Supporting Files */,
			);
			path = BeautifyTests;
			sourceTree = "<group>";
		};
		79A0EF511AD984FC005EBEF5 /* Supporting Files */ = {
			isa = PBXGroup;
			children = (
				79A0EF521AD984FC005EBEF5 /* Info.plist */,
			);
			name = "Supporting Files";
			sourceTree = "<group>";
		};
		79A0EF5D1AD98563005EBEF5 /* Components */ = {
			isa = PBXGroup;
			children = (
				79A0EF6A1AD9873D005EBEF5 /* Model */,
			);
			path = Components;
			sourceTree = "<group>";
		};
		79A0EF5E1AD98563005EBEF5 /* Domain */ = {
			isa = PBXGroup;
			children = (
				79A0EF381AD984FB005EBEF5 /* Beautify.xcdatamodeld */,
			);
			path = Domain;
			sourceTree = "<group>";
		};
		79A0EF5F1AD98563005EBEF5 /* Service */ = {
			isa = PBXGroup;
			children = (
			);
			path = Service;
			sourceTree = "<group>";
		};
		79A0EF601AD98563005EBEF5 /* View Controllers */ = {
			isa = PBXGroup;
			children = (
				79A0EF6B1AD9892D005EBEF5 /* LoginViewController.h */,
				79A0EF6C1AD9892D005EBEF5 /* LoginViewController.m */,
				79A0EF731AD98E05005EBEF5 /* PaymentViewController.h */,
				79A0EF741AD98E05005EBEF5 /* PaymentViewController.m */,
				79A0EF761AD998A6005EBEF5 /* ProfessionalListViewController.h */,
				79A0EF771AD998A6005EBEF5 /* ProfessionalListViewController.m */,
				79A0EF791AD998B2005EBEF5 /* ProfileViewController.h */,
				79A0EF7A1AD998B2005EBEF5 /* ProfileViewController.m */,
				79A0EF7C1AD998C9005EBEF5 /* ScheduleViewController.h */,
				79A0EF7D1AD998C9005EBEF5 /* ScheduleViewController.m */,
				79A0EF7F1AD998D8005EBEF5 /* FavoritesViewController.h */,
				79A0EF801AD998D8005EBEF5 /* FavoritesViewController.m */,
			);
			path = "View Controllers";
			sourceTree = "<group>";
		};
		79A0EF6A1AD9873D005EBEF5 /* Model */ = {
			isa = PBXGroup;
			children = (
				79A0EF641AD98738005EBEF5 /* Model.h */,
				79A0EF651AD98738005EBEF5 /* Model.m */,
				79A0EF661AD98738005EBEF5 /* Model+JSONKit.h */,
				79A0EF671AD98738005EBEF5 /* Model+JSONKit.m */,
			);
			name = Model;
			path = ../Domain;
			sourceTree = "<group>";
		};
		79A0EF6E1AD98D3B005EBEF5 /* Frameworks */ = {
			isa = PBXGroup;
			children = (
				79A0EF6F1AD98D7E005EBEF5 /* Simplify.bundle */,
				79A0EF701AD98D7E005EBEF5 /* Simplify.framework */,
			);
			path = Frameworks;
			sourceTree = "<group>";
		};
/* End PBXGroup section */

/* Begin PBXNativeTarget section */
		79A0EF2D1AD984FB005EBEF5 /* Beautify */ = {
			isa = PBXNativeTarget;
			buildConfigurationList = 79A0EF571AD984FC005EBEF5 /* Build configuration list for PBXNativeTarget "Beautify" */;
			buildPhases = (
				79A0EF2A1AD984FB005EBEF5 /* Sources */,
				79A0EF2B1AD984FB005EBEF5 /* Frameworks */,
				79A0EF2C1AD984FB005EBEF5 /* Resources */,
			);
			buildRules = (
			);
			dependencies = (
			);
			name = Beautify;
			productName = Beautify;
			productReference = 79A0EF2E1AD984FB005EBEF5 /* Beautify.app */;
			productType = "com.apple.product-type.application";
		};
		79A0EF4C1AD984FC005EBEF5 /* BeautifyTests */ = {
			isa = PBXNativeTarget;
			buildConfigurationList = 79A0EF5A1AD984FC005EBEF5 /* Build configuration list for PBXNativeTarget "BeautifyTests" */;
			buildPhases = (
				79A0EF491AD984FC005EBEF5 /* Sources */,
				79A0EF4A1AD984FC005EBEF5 /* Frameworks */,
				79A0EF4B1AD984FC005EBEF5 /* Resources */,
			);
			buildRules = (
			);
			dependencies = (
				79A0EF4F1AD984FC005EBEF5 /* PBXTargetDependency */,
			);
			name = BeautifyTests;
			productName = BeautifyTests;
			productReference = 79A0EF4D1AD984FC005EBEF5 /* BeautifyTests.xctest */;
			productType = "com.apple.product-type.bundle.unit-test";
		};
/* End PBXNativeTarget section */

/* Begin PBXProject section */
		79A0EF261AD984FB005EBEF5 /* Project object */ = {
			isa = PBXProject;
			attributes = {
				LastUpgradeCheck = 0630;
				ORGANIZATIONNAME = "Cousins Corp";
				TargetAttributes = {
					79A0EF2D1AD984FB005EBEF5 = {
						CreatedOnToolsVersion = 6.3;
					};
					79A0EF4C1AD984FC005EBEF5 = {
						CreatedOnToolsVersion = 6.3;
						TestTargetID = 79A0EF2D1AD984FB005EBEF5;
					};
				};
			};
			buildConfigurationList = 79A0EF291AD984FB005EBEF5 /* Build configuration list for PBXProject "Beautify" */;
			compatibilityVersion = "Xcode 3.2";
			developmentRegion = English;
			hasScannedForEncodings = 0;
			knownRegions = (
				en,
				Base,
			);
			mainGroup = 79A0EF251AD984FB005EBEF5;
			productRefGroup = 79A0EF2F1AD984FB005EBEF5 /* Products */;
			projectDirPath = "";
			projectRoot = "";
			targets = (
				79A0EF2D1AD984FB005EBEF5 /* Beautify */,
				79A0EF4C1AD984FC005EBEF5 /* BeautifyTests */,
			);
		};
/* End PBXProject section */

/* Begin PBXResourcesBuildPhase section */
		79A0EF2C1AD984FB005EBEF5 /* Resources */ = {
			isa = PBXResourcesBuildPhase;
			buildActionMask = 2147483647;
			files = (
				79A0EF711AD98D7E005EBEF5 /* Simplify.bundle in Resources */,
				79A0EF431AD984FB005EBEF5 /* Main.storyboard in Resources */,
				79A0EF481AD984FC005EBEF5 /* LaunchScreen.xib in Resources */,
				79A0EF451AD984FC005EBEF5 /* Images.xcassets in Resources */,
			);
			runOnlyForDeploymentPostprocessing = 0;
		};
		79A0EF4B1AD984FC005EBEF5 /* Resources */ = {
			isa = PBXResourcesBuildPhase;
			buildActionMask = 2147483647;
			files = (
			);
			runOnlyForDeploymentPostprocessing = 0;
		};
/* End PBXResourcesBuildPhase section */

/* Begin PBXSourcesBuildPhase section */
		79A0EF2A1AD984FB005EBEF5 /* Sources */ = {
			isa = PBXSourcesBuildPhase;
			buildActionMask = 2147483647;
			files = (
				79A0EF371AD984FB005EBEF5 /* AppDelegate.m in Sources */,
				79A0EF7E1AD998C9005EBEF5 /* ScheduleViewController.m in Sources */,
				79A0EF811AD998D8005EBEF5 /* FavoritesViewController.m in Sources */,
				79A0EF341AD984FB005EBEF5 /* main.m in Sources */,
				79A0EF3A1AD984FB005EBEF5 /* Beautify.xcdatamodeld in Sources */,
				79A0EF631AD986BE005EBEF5 /* AppHelper.m in Sources */,
				79A0EF7B1AD998B2005EBEF5 /* ProfileViewController.m in Sources */,
				79A0EF781AD998A6005EBEF5 /* ProfessionalListViewController.m in Sources */,
				79A0EF6D1AD9892D005EBEF5 /* LoginViewController.m in Sources */,
				79A0EF691AD98738005EBEF5 /* Model+JSONKit.m in Sources */,
				79A0EF681AD98738005EBEF5 /* Model.m in Sources */,
				79A0EF751AD98E05005EBEF5 /* PaymentViewController.m in Sources */,
			);
			runOnlyForDeploymentPostprocessing = 0;
		};
		79A0EF491AD984FC005EBEF5 /* Sources */ = {
			isa = PBXSourcesBuildPhase;
			buildActionMask = 2147483647;
			files = (
				79A0EF541AD984FC005EBEF5 /* BeautifyTests.m in Sources */,
			);
			runOnlyForDeploymentPostprocessing = 0;
		};
/* End PBXSourcesBuildPhase section */

/* Begin PBXTargetDependency section */
		79A0EF4F1AD984FC005EBEF5 /* PBXTargetDependency */ = {
			isa = PBXTargetDependency;
			target = 79A0EF2D1AD984FB005EBEF5 /* Beautify */;
			targetProxy = 79A0EF4E1AD984FC005EBEF5 /* PBXContainerItemProxy */;
		};
/* End PBXTargetDependency section */

/* Begin PBXVariantGroup section */
		79A0EF411AD984FB005EBEF5 /* Main.storyboard */ = {
			isa = PBXVariantGroup;
			children = (
				79A0EF421AD984FB005EBEF5 /* Base */,
			);
			name = Main.storyboard;
			sourceTree = "<group>";
		};
		79A0EF461AD984FC005EBEF5 /* LaunchScreen.xib */ = {
			isa = PBXVariantGroup;
			children = (
				79A0EF471AD984FC005EBEF5 /* Base */,
			);
			name = LaunchScreen.xib;
			sourceTree = "<group>";
		};
/* End PBXVariantGroup section */

/* Begin XCBuildConfiguration section */
		79A0EF551AD984FC005EBEF5 /* Debug */ = {
			isa = XCBuildConfiguration;
			buildSettings = {
				ALWAYS_SEARCH_USER_PATHS = NO;
				CLANG_CXX_LANGUAGE_STANDARD = "gnu++0x";
				CLANG_CXX_LIBRARY = "libc++";
				CLANG_ENABLE_MODULES = YES;
				CLANG_ENABLE_OBJC_ARC = YES;
				CLANG_WARN_BOOL_CONVERSION = YES;
				CLANG_WARN_CONSTANT_CONVERSION = YES;
				CLANG_WARN_DIRECT_OBJC_ISA_USAGE = YES_ERROR;
				CLANG_WARN_EMPTY_BODY = YES;
				CLANG_WARN_ENUM_CONVERSION = YES;
				CLANG_WARN_INT_CONVERSION = YES;
				CLANG_WARN_OBJC_ROOT_CLASS = YES_ERROR;
				CLANG_WARN_UNREACHABLE_CODE = YES;
				CLANG_WARN__DUPLICATE_METHOD_MATCH = YES;
				"CODE_SIGN_IDENTITY[sdk=iphoneos*]" = "iPhone Developer";
				COPY_PHASE_STRIP = NO;
				DEBUG_INFORMATION_FORMAT = "dwarf-with-dsym";
				ENABLE_STRICT_OBJC_MSGSEND = YES;
				GCC_C_LANGUAGE_STANDARD = gnu99;
				GCC_DYNAMIC_NO_PIC = NO;
				GCC_NO_COMMON_BLOCKS = YES;
				GCC_OPTIMIZATION_LEVEL = 0;
				GCC_PREPROCESSOR_DEFINITIONS = (
					"DEBUG=1",
					"$(inherited)",
				);
				GCC_SYMBOLS_PRIVATE_EXTERN = NO;
				GCC_WARN_64_TO_32_BIT_CONVERSION = YES;
				GCC_WARN_ABOUT_RETURN_TYPE = YES_ERROR;
				GCC_WARN_UNDECLARED_SELECTOR = YES;
				GCC_WARN_UNINITIALIZED_AUTOS = YES_AGGRESSIVE;
				GCC_WARN_UNUSED_FUNCTION = YES;
				GCC_WARN_UNUSED_VARIABLE = YES;
				IPHONEOS_DEPLOYMENT_TARGET = 8.3;
				MTL_ENABLE_DEBUG_INFO = YES;
				ONLY_ACTIVE_ARCH = YES;
				OTHER_LDFLAGS = "-ObjC";
				SDKROOT = iphoneos;
			};
			name = Debug;
		};
		79A0EF561AD984FC005EBEF5 /* Release */ = {
			isa = XCBuildConfiguration;
			buildSettings = {
				ALWAYS_SEARCH_USER_PATHS = NO;
				CLANG_CXX_LANGUAGE_STANDARD = "gnu++0x";
				CLANG_CXX_LIBRARY = "libc++";
				CLANG_ENABLE_MODULES = YES;
				CLANG_ENABLE_OBJC_ARC = YES;
				CLANG_WARN_BOOL_CONVERSION = YES;
				CLANG_WARN_CONSTANT_CONVERSION = YES;
				CLANG_WARN_DIRECT_OBJC_ISA_USAGE = YES_ERROR;
				CLANG_WARN_EMPTY_BODY = YES;
				CLANG_WARN_ENUM_CONVERSION = YES;
				CLANG_WARN_INT_CONVERSION = YES;
				CLANG_WARN_OBJC_ROOT_CLASS = YES_ERROR;
				CLANG_WARN_UNREACHABLE_CODE = YES;
				CLANG_WARN__DUPLICATE_METHOD_MATCH = YES;
				"CODE_SIGN_IDENTITY[sdk=iphoneos*]" = "iPhone Developer";
				COPY_PHASE_STRIP = NO;
				DEBUG_INFORMATION_FORMAT = "dwarf-with-dsym";
				ENABLE_NS_ASSERTIONS = NO;
				ENABLE_STRICT_OBJC_MSGSEND = YES;
				GCC_C_LANGUAGE_STANDARD = gnu99;
				GCC_NO_COMMON_BLOCKS = YES;
				GCC_WARN_64_TO_32_BIT_CONVERSION = YES;
				GCC_WARN_ABOUT_RETURN_TYPE = YES_ERROR;
				GCC_WARN_UNDECLARED_SELECTOR = YES;
				GCC_WARN_UNINITIALIZED_AUTOS = YES_AGGRESSIVE;
				GCC_WARN_UNUSED_FUNCTION = YES;
				GCC_WARN_UNUSED_VARIABLE = YES;
				IPHONEOS_DEPLOYMENT_TARGET = 8.3;
				MTL_ENABLE_DEBUG_INFO = NO;
				OTHER_LDFLAGS = "-ObjC";
				SDKROOT = iphoneos;
				VALIDATE_PRODUCT = YES;
			};
			name = Release;
		};
		79A0EF581AD984FC005EBEF5 /* Debug */ = {
			isa = XCBuildConfiguration;
			buildSettings = {
				ASSETCATALOG_COMPILER_APPICON_NAME = AppIcon;
				FRAMEWORK_SEARCH_PATHS = (
					"$(inherited)",
					"$(PROJECT_DIR)/Beautify/Frameworks",
				);
				INFOPLIST_FILE = Beautify/Info.plist;
				LD_RUNPATH_SEARCH_PATHS = "$(inherited) @executable_path/Frameworks";
				PRODUCT_NAME = "$(TARGET_NAME)";
			};
			name = Debug;
		};
		79A0EF591AD984FC005EBEF5 /* Release */ = {
			isa = XCBuildConfiguration;
			buildSettings = {
				ASSETCATALOG_COMPILER_APPICON_NAME = AppIcon;
				FRAMEWORK_SEARCH_PATHS = (
					"$(inherited)",
					"$(PROJECT_DIR)/Beautify/Frameworks",
				);
				INFOPLIST_FILE = Beautify/Info.plist;
				LD_RUNPATH_SEARCH_PATHS = "$(inherited) @executable_path/Frameworks";
				PRODUCT_NAME = "$(TARGET_NAME)";
			};
			name = Release;
		};
		79A0EF5B1AD984FC005EBEF5 /* Debug */ = {
			isa = XCBuildConfiguration;
			buildSettings = {
				BUNDLE_LOADER = "$(TEST_HOST)";
				FRAMEWORK_SEARCH_PATHS = (
					"$(SDKROOT)/Developer/Library/Frameworks",
					"$(inherited)",
				);
				GCC_PREPROCESSOR_DEFINITIONS = (
					"DEBUG=1",
					"$(inherited)",
				);
				INFOPLIST_FILE = BeautifyTests/Info.plist;
				LD_RUNPATH_SEARCH_PATHS = "$(inherited) @executable_path/Frameworks @loader_path/Frameworks";
				PRODUCT_NAME = "$(TARGET_NAME)";
				TEST_HOST = "$(BUILT_PRODUCTS_DIR)/Beautify.app/Beautify";
			};
			name = Debug;
		};
		79A0EF5C1AD984FC005EBEF5 /* Release */ = {
			isa = XCBuildConfiguration;
			buildSettings = {
				BUNDLE_LOADER = "$(TEST_HOST)";
				FRAMEWORK_SEARCH_PATHS = (
					"$(SDKROOT)/Developer/Library/Frameworks",
					"$(inherited)",
				);
				INFOPLIST_FILE = BeautifyTests/Info.plist;
				LD_RUNPATH_SEARCH_PATHS = "$(inherited) @executable_path/Frameworks @loader_path/Frameworks";
				PRODUCT_NAME = "$(TARGET_NAME)";
				TEST_HOST = "$(BUILT_PRODUCTS_DIR)/Beautify.app/Beautify";
			};
			name = Release;
		};
/* End XCBuildConfiguration section */

/* Begin XCConfigurationList section */
		79A0EF291AD984FB005EBEF5 /* Build configuration list for PBXProject "Beautify" */ = {
			isa = XCConfigurationList;
			buildConfigurations = (
				79A0EF551AD984FC005EBEF5 /* Debug */,
				79A0EF561AD984FC005EBEF5 /* Release */,
			);
			defaultConfigurationIsVisible = 0;
			defaultConfigurationName = Release;
		};
		79A0EF571AD984FC005EBEF5 /* Build configuration list for PBXNativeTarget "Beautify" */ = {
			isa = XCConfigurationList;
			buildConfigurations = (
				79A0EF581AD984FC005EBEF5 /* Debug */,
				79A0EF591AD984FC005EBEF5 /* Release */,
			);
			defaultConfigurationIsVisible = 0;
		};
		79A0EF5A1AD984FC005EBEF5 /* Build configuration list for PBXNativeTarget "BeautifyTests" */ = {
			isa = XCConfigurationList;
			buildConfigurations = (
				79A0EF5B1AD984FC005EBEF5 /* Debug */,
				79A0EF5C1AD984FC005EBEF5 /* Release */,
			);
			defaultConfigurationIsVisible = 0;
		};
/* End XCConfigurationList section */

/* Begin XCVersionGroup section */
		79A0EF381AD984FB005EBEF5 /* Beautify.xcdatamodeld */ = {
			isa = XCVersionGroup;
			children = (
				79A0EF391AD984FB005EBEF5 /* Beautify.xcdatamodel */,
			);
			currentVersion = 79A0EF391AD984FB005EBEF5 /* Beautify.xcdatamodel */;
			name = Beautify.xcdatamodeld;
			path = ../Beautify.xcdatamodeld;
			sourceTree = "<group>";
			versionGroupType = wrapper.xcdatamodel;
		};
/* End XCVersionGroup section */
	};
	rootObject = 79A0EF261AD984FB005EBEF5 /* Project object */;
}
